
Microsoft Visual Studio Solution File, Format Version 12.00
# Visual Studio Version 16
VisualStudioVersion = 16.0.32802.440
MinimumVisualStudioVersion = 10.0.40219.1
Project("{FAE04EC0-301F-11D3-BF4B-00C04F79EFBC}") = "BankApp", "BankApp.csproj", "{AA757515-9090-4200-B1DC-ABC5E0EEE6F9}"
EndProject
Project("{FAE04EC0-301F-11D3-BF4B-00C04F79EFBC}") = "BankUnitTests", "..\UnitTestProject1\BankUnitTests.csproj", "{B3FFBDC1-267B-4F64-83C3-0706E6627A20}"
EndProject
Global
	GlobalSection(SolutionConfigurationPlatforms) = preSolution
		Debug|Any CPU = Debug|Any CPU
		Release|Any CPU = Release|Any CPU
	EndGlobalSection
	GlobalSection(ProjectConfigurationPlatforms) = postSolution
		{AA757515-9090-4200-B1DC-ABC5E0EEE6F9}.Debug|Any CPU.ActiveCfg = Debug|Any CPU
		{AA757515-9090-4200-B1DC-ABC5E0EEE6F9}.Debug|Any CPU.Build.0 = Debug|Any CPU
		{AA757515-9090-4200-B1DC-ABC5E0EEE6F9}.Release|Any CPU.ActiveCfg = Release|Any CPU
		{AA757515-9090-4200-B1DC-ABC5E0EEE6F9}.Release|Any CPU.Build.0 = Release|Any CPU
		{B3FFBDC1-267B-4F64-83C3-0706E6627A20}.Debug|Any CPU.ActiveCfg = Debug|Any CPU
		{B3FFBDC1-267B-4F64-83C3-0706E6627A20}.Debug|Any CPU.Build.0 = Debug|Any CPU
		{B3FFBDC1-267B-4F64-83C3-0706E6627A20}.Release|Any CPU.ActiveCfg = Release|Any CPU
		{B3FFBDC1-267B-4F64-83C3-0706E6627A20}.Release|Any CPU.Build.0 = Release|Any CPU
	EndGlobalSection
	GlobalSection(SolutionProperties) = preSolution
		HideSolutionNode = FALSE
	EndGlobalSection
	GlobalSection(ExtensibilityGlobals) = postSolution
		SolutionGuid = {F9CFD71E-7F0C-4BA7-B947-679B484FE853}
	EndGlobalSection
EndGlobal
